{
    "name": "scripts",
    "lockfileVersion": 3,
    "requires": true,
    "packages": {
        "": {
            "dependencies": {
                "@octokit/auth-unauthenticated": "^5.0.0",
                "@octokit/plugin-retry": "^6.0.0",
                "@octokit/rest": "^20.0.1",
                "byte-size": "^8.1.1",
                "minio": "^7.1.2",
                "simple-git": "^3.19.1"
            },
            "engines": {
                "node": "^18.17 || ^20.1"
            }
        },
        "node_modules/@kwsites/file-exists": {
            "version": "1.1.1",
            "resolved": "https://mirrors.cloud.tencent.com/npm/@kwsites/file-exists/-/file-exists-1.1.1.tgz",
            "integrity": "sha512-m9/5YGR18lIwxSFDwfE3oA7bWuq9kdau6ugN4H2rJeyhFQZcG9AgSHkQtSD15a8WvTgfz9aikZMrKPHvbpqFiw==",
            "dependencies": {
                "debug": "^4.1.1"
            }
        },
        "node_modules/@kwsites/promise-deferred": {
            "version": "1.1.1",
            "resolved": "https://mirrors.cloud.tencent.com/npm/@kwsites/promise-deferred/-/promise-deferred-1.1.1.tgz",
            "integrity": "sha512-GaHYm+c0O9MjZRu0ongGBRbinu8gVAMd2UZjji6jVmqKtZluZnptXGWhz1E8j8D2HJ3f/yMxKAUC0b+57wncIw=="
        },
        "node_modules/@octokit/auth-token": {
            "version": "4.0.0",
            "resolved": "https://registry.npmjs.org/@octokit/auth-token/-/auth-token-4.0.0.tgz",
            "integrity": "sha512-tY/msAuJo6ARbK6SPIxZrPBms3xPbfwBrulZe0Wtr/DIY9lje2HeV1uoebShn6mx7SjCHif6EjMvoREj+gZ+SA==",
            "engines": {
                "node": ">= 18"
            }
        },
        "node_modules/@octokit/auth-unauthenticated": {
            "version": "5.0.0",
            "resolved": "https://registry.npmjs.org/@octokit/auth-unauthenticated/-/auth-unauthenticated-5.0.0.tgz",
            "integrity": "sha512-AjOI6FNB2dweJ85p6rf7D4EhE4y6VBcwYfX/7KJkR5Q9fD9ET6NABAjajUTSNFfCxmNIaQgISggZ3pkgwtTqsA==",
            "dependencies": {
                "@octokit/request-error": "^5.0.0",
                "@octokit/types": "^11.0.0"
            },
            "engines": {
                "node": ">= 18"
            }
        },
        "node_modules/@octokit/core": {
            "version": "5.0.0",
            "resolved": "https://registry.npmjs.org/@octokit/core/-/core-5.0.0.tgz",
            "integrity": "sha512-YbAtMWIrbZ9FCXbLwT9wWB8TyLjq9mxpKdgB3dUNxQcIVTf9hJ70gRPwAcqGZdY6WdJPZ0I7jLaaNDCiloGN2A==",
            "dependencies": {
                "@octokit/auth-token": "^4.0.0",
                "@octokit/graphql": "^7.0.0",
                "@octokit/request": "^8.0.2",
                "@octokit/request-error": "^5.0.0",
                "@octokit/types": "^11.0.0",
                "before-after-hook": "^2.2.0",
                "universal-user-agent": "^6.0.0"
            },
            "engines": {
                "node": ">= 18"
            }
        },
        "node_modules/@octokit/endpoint": {
            "version": "9.0.0",
            "resolved": "https://registry.npmjs.org/@octokit/endpoint/-/endpoint-9.0.0.tgz",
            "integrity": "sha512-szrQhiqJ88gghWY2Htt8MqUDO6++E/EIXqJ2ZEp5ma3uGS46o7LZAzSLt49myB7rT+Hfw5Y6gO3LmOxGzHijAQ==",
            "dependencies": {
                "@octokit/types": "^11.0.0",
                "is-plain-object": "^5.0.0",
                "universal-user-agent": "^6.0.0"
            },
            "engines": {
                "node": ">= 18"
            }
        },
        "node_modules/@octokit/graphql": {
            "version": "7.0.1",
            "resolved": "https://registry.npmjs.org/@octokit/graphql/-/graphql-7.0.1.tgz",
            "integrity": "sha512-T5S3oZ1JOE58gom6MIcrgwZXzTaxRnxBso58xhozxHpOqSTgDS6YNeEUvZ/kRvXgPrRz/KHnZhtb7jUMRi9E6w==",
            "dependencies": {
                "@octokit/request": "^8.0.1",
                "@octokit/types": "^11.0.0",
                "universal-user-agent": "^6.0.0"
            },
            "engines": {
                "node": ">= 18"
            }
        },
        "node_modules/@octokit/openapi-types": {
            "version": "18.0.0",
            "resolved": "https://mirrors.cloud.tencent.com/npm/@octokit/openapi-types/-/openapi-types-18.0.0.tgz",
            "integrity": "sha512-V8GImKs3TeQRxRtXFpG2wl19V7444NIOTDF24AWuIbmNaNYOQMWRbjcGDXV5B+0n887fgDcuMNOmlul+k+oJtw=="
        },
        "node_modules/@octokit/plugin-paginate-rest": {
            "version": "8.0.0",
            "resolved": "https://registry.npmjs.org/@octokit/plugin-paginate-rest/-/plugin-paginate-rest-8.0.0.tgz",
            "integrity": "sha512-2xZ+baZWUg+qudVXnnvXz7qfrTmDeYPCzangBVq/1gXxii/OiS//4shJp9dnCCvj1x+JAm9ji1Egwm1BA47lPQ==",
            "dependencies": {
                "@octokit/types": "^11.0.0"
            },
            "engines": {
                "node": ">= 18"
            },
            "peerDependencies": {
                "@octokit/core": ">=5"
            }
        },
        "node_modules/@octokit/plugin-request-log": {
            "version": "4.0.0",
            "resolved": "https://registry.npmjs.org/@octokit/plugin-request-log/-/plugin-request-log-4.0.0.tgz",
            "integrity": "sha512-2uJI1COtYCq8Z4yNSnM231TgH50bRkheQ9+aH8TnZanB6QilOnx8RMD2qsnamSOXtDj0ilxvevf5fGsBhBBzKA==",
            "engines": {
                "node": ">= 18"
            },
            "peerDependencies": {
                "@octokit/core": ">=5"
            }
        },
        "node_modules/@octokit/plugin-rest-endpoint-methods": {
            "version": "9.0.0",
            "resolved": "https://registry.npmjs.org/@octokit/plugin-rest-endpoint-methods/-/plugin-rest-endpoint-methods-9.0.0.tgz",
            "integrity": "sha512-KquMF/VB1IkKNiVnzJKspY5mFgGyLd7HzdJfVEGTJFzqu9BRFNWt+nwTCMuUiWc72gLQhRWYubTwOkQj+w/1PA==",
            "dependencies": {
                "@octokit/types": "^11.0.0"
            },
            "engines": {
                "node": ">= 18"
            },
            "peerDependencies": {
                "@octokit/core": ">=5"
            }
        },
        "node_modules/@octokit/plugin-retry": {
            "version": "6.0.0",
            "resolved": "https://registry.npmjs.org/@octokit/plugin-retry/-/plugin-retry-6.0.0.tgz",
            "integrity": "sha512-a1/A4A+PB1QoAHQfLJxGHhLfSAT03bR1jJz3GgQJZvty2ozawFWs93MiBQXO7SL2YbO7CIq0Goj4qLOBj8JeMQ==",
            "dependencies": {
                "@octokit/request-error": "^5.0.0",
                "@octokit/types": "^11.0.0",
                "bottleneck": "^2.15.3"
            },
            "engines": {
                "node": ">= 18"
            },
            "peerDependencies": {
                "@octokit/core": ">=5"
            }
        },
        "node_modules/@octokit/request": {
            "version": "8.0.4",
            "resolved": "https://registry.npmjs.org/@octokit/request/-/request-8.0.4.tgz",
            "integrity": "sha512-YZ1XeDRil4ejHKoBP8BgROgP4auOH5A9lLZH96l39GKKEmsKOccQxKP5M7m+Punblg1bFw8LrdeKIDwIzQ8afA==",
            "dependencies": {
                "@octokit/endpoint": "^9.0.0",
                "@octokit/request-error": "^5.0.0",
                "@octokit/types": "^11.0.0",
                "is-plain-object": "^5.0.0",
                "universal-user-agent": "^6.0.0"
            },
            "engines": {
                "node": ">= 18"
            }
        },
        "node_modules/@octokit/request-error": {
            "version": "5.0.0",
            "resolved": "https://registry.npmjs.org/@octokit/request-error/-/request-error-5.0.0.tgz",
            "integrity": "sha512-1ue0DH0Lif5iEqT52+Rf/hf0RmGO9NWFjrzmrkArpG9trFfDM/efx00BJHdLGuro4BR/gECxCU2Twf5OKrRFsQ==",
            "dependencies": {
                "@octokit/types": "^11.0.0",
                "deprecation": "^2.0.0",
                "once": "^1.4.0"
            },
            "engines": {
                "node": ">= 18"
            }
        },
        "node_modules/@octokit/rest": {
            "version": "20.0.1",
            "resolved": "https://registry.npmjs.org/@octokit/rest/-/rest-20.0.1.tgz",
            "integrity": "sha512-wROV21RwHQIMNb2Dgd4+pY+dVy1Dwmp85pBrgr6YRRDYRBu9Gb+D73f4Bl2EukZSj5hInq2Tui9o7gAQpc2k2Q==",
            "dependencies": {
                "@octokit/core": "^5.0.0",
                "@octokit/plugin-paginate-rest": "^8.0.0",
                "@octokit/plugin-request-log": "^4.0.0",
                "@octokit/plugin-rest-endpoint-methods": "^9.0.0"
            },
            "engines": {
                "node": ">= 18"
            }
        },
        "node_modules/@octokit/types": {
            "version": "11.1.0",
            "resolved": "https://registry.npmjs.org/@octokit/types/-/types-11.1.0.tgz",
            "integrity": "sha512-Fz0+7GyLm/bHt8fwEqgvRBWwIV1S6wRRyq+V6exRKLVWaKGsuy6H9QFYeBVDV7rK6fO3XwHgQOPxv+cLj2zpXQ==",
            "dependencies": {
                "@octokit/openapi-types": "^18.0.0"
            }
        },
        "node_modules/@zxing/text-encoding": {
            "version": "0.9.0",
            "resolved": "https://mirrors.cloud.tencent.com/npm/@zxing/text-encoding/-/text-encoding-0.9.0.tgz",
            "integrity": "sha512-U/4aVJ2mxI0aDNI8Uq0wEhMgY+u4CNtEb0om3+y3+niDAsoTCOB33UF0sxpzqzdqXLqmvc+vZyAt4O8pPdfkwA==",
            "optional": true
        },
        "node_modules/async": {
            "version": "3.2.4",
            "resolved": "https://mirrors.cloud.tencent.com/npm/async/-/async-3.2.4.tgz",
            "integrity": "sha512-iAB+JbDEGXhyIUavoDl9WP/Jj106Kz9DEn1DPgYw5ruDn0e3Wgi3sKFm55sASdGBNOQB8F59d9qQ7deqrHA8wQ=="
        },
        "node_modules/available-typed-arrays": {
            "version": "1.0.5",
            "resolved": "https://mirrors.cloud.tencent.com/npm/available-typed-arrays/-/available-typed-arrays-1.0.5.tgz",
            "integrity": "sha512-DMD0KiN46eipeziST1LPP/STfDU0sufISXmjSgvVsoU2tqxctQeASejWcfNtxYKqETM1UxQ8sp2OrSBWpHY6sw==",
            "engines": {
                "node": ">= 0.4"
            },
            "funding": {
                "url": "https://github.com/sponsors/ljharb"
            }
        },
        "node_modules/before-after-hook": {
            "version": "2.2.3",
            "resolved": "https://mirrors.cloud.tencent.com/npm/before-after-hook/-/before-after-hook-2.2.3.tgz",
            "integrity": "sha512-NzUnlZexiaH/46WDhANlyR2bXRopNg4F/zuSA3OpZnllCUgRaOF2znDioDWrmbNVsuZk6l9pMquQB38cfBZwkQ=="
        },
        "node_modules/block-stream2": {
            "version": "2.1.0",
            "resolved": "https://mirrors.cloud.tencent.com/npm/block-stream2/-/block-stream2-2.1.0.tgz",
            "integrity": "sha512-suhjmLI57Ewpmq00qaygS8UgEq2ly2PCItenIyhMqVjo4t4pGzqMvfgJuX8iWTeSDdfSSqS6j38fL4ToNL7Pfg==",
            "dependencies": {
                "readable-stream": "^3.4.0"
            }
        },
        "node_modules/bottleneck": {
            "version": "2.19.5",
            "resolved": "https://mirrors.cloud.tencent.com/npm/bottleneck/-/bottleneck-2.19.5.tgz",
            "integrity": "sha512-VHiNCbI1lKdl44tGrhNfU3lup0Tj/ZBMJB5/2ZbNXRCPuRCO7ed2mgcK4r17y+KB2EfuYuRaVlwNbAeaWGSpbw=="
        },
        "node_modules/browser-or-node": {
            "version": "2.1.1",
            "resolved": "https://mirrors.cloud.tencent.com/npm/browser-or-node/-/browser-or-node-2.1.1.tgz",
            "integrity": "sha512-8CVjaLJGuSKMVTxJ2DpBl5XnlNDiT4cQFeuCJJrvJmts9YrTZDizTX7PjC2s6W4x+MBGZeEY6dGMrF04/6Hgqg=="
        },
        "node_modules/buffer-crc32": {
            "version": "0.2.13",
            "resolved": "https://mirrors.cloud.tencent.com/npm/buffer-crc32/-/buffer-crc32-0.2.13.tgz",
            "integrity": "sha1-DTM+PwDqxQqhRUq9MO+MKl2ackI=",
            "engines": {
                "node": "*"
            }
        },
        "node_modules/byte-size": {
            "version": "8.1.1",
            "resolved": "https://mirrors.cloud.tencent.com/npm/byte-size/-/byte-size-8.1.1.tgz",
            "integrity": "sha512-tUkzZWK0M/qdoLEqikxBWe4kumyuwjl3HO6zHTr4yEI23EojPtLYXdG1+AQY7MN0cGyNDvEaJ8wiYQm6P2bPxg==",
            "engines": {
                "node": ">=12.17"
            }
        },
        "node_modules/call-bind": {
            "version": "1.0.2",
            "resolved": "https://mirrors.cloud.tencent.com/npm/call-bind/-/call-bind-1.0.2.tgz",
            "integrity": "sha512-7O+FbCihrB5WGbFYesctwmTKae6rOiIzmz1icreWJ+0aA7LJfuqhEso2T9ncpcFtzMQtzXf2QGGueWJGTYsqrA==",
            "dependencies": {
                "function-bind": "^1.1.1",
                "get-intrinsic": "^1.0.2"
            },
            "funding": {
                "url": "https://github.com/sponsors/ljharb"
            }
        },
        "node_modules/debug": {
            "version": "4.3.4",
            "resolved": "https://mirrors.cloud.tencent.com/npm/debug/-/debug-4.3.4.tgz",
            "integrity": "sha512-PRWFHuSU3eDtQJPvnNY7Jcket1j0t5OuOsFzPPzsekD52Zl8qUfFIPEiswXqIvHWGVHOgX+7G/vCNNhehwxfkQ==",
            "dependencies": {
                "ms": "2.1.2"
            },
            "engines": {
                "node": ">=6.0"
            },
            "peerDependenciesMeta": {
                "supports-color": {
                    "optional": true
                }
            }
        },
        "node_modules/decode-uri-component": {
            "version": "0.2.2",
            "resolved": "https://mirrors.cloud.tencent.com/npm/decode-uri-component/-/decode-uri-component-0.2.2.tgz",
            "integrity": "sha512-FqUYQ+8o158GyGTrMFJms9qh3CqTKvAqgqsTnkLI8sKu0028orqBhxNMFkFen0zGyg6epACD32pjVk58ngIErQ==",
            "engines": {
                "node": ">=0.10"
            }
        },
        "node_modules/deprecation": {
            "version": "2.3.1",
            "resolved": "https://mirrors.cloud.tencent.com/npm/deprecation/-/deprecation-2.3.1.tgz",
            "integrity": "sha512-xmHIy4F3scKVwMsQ4WnVaS8bHOx0DmVwRywosKhaILI0ywMDWPtBSku2HNxRvF7jtwDRsoEwYQSfbxj8b7RlJQ=="
        },
        "node_modules/fast-xml-parser": {
            "version": "4.2.5",
            "resolved": "https://mirrors.cloud.tencent.com/npm/fast-xml-parser/-/fast-xml-parser-4.2.5.tgz",
            "integrity": "sha512-B9/wizE4WngqQftFPmdaMYlXoJlJOYxGQOanC77fq9k8+Z0v5dDSVh+3glErdIROP//s/jgb7ZuxKfB8nVyo0g==",
            "funding": [
                {
                    "type": "paypal",
                    "url": "https://paypal.me/naturalintelligence"
                },
                {
                    "type": "github",
                    "url": "https://github.com/sponsors/NaturalIntelligence"
                }
            ],
            "dependencies": {
                "strnum": "^1.0.5"
            },
            "bin": {
                "fxparser": "src/cli/cli.js"
            }
        },
        "node_modules/filter-obj": {
            "version": "1.1.0",
            "resolved": "https://mirrors.cloud.tencent.com/npm/filter-obj/-/filter-obj-1.1.0.tgz",
            "integrity": "sha1-mzERErxsYSehbgFsbF1/GeCAXFs=",
            "engines": {
                "node": ">=0.10.0"
            }
        },
        "node_modules/for-each": {
            "version": "0.3.3",
            "resolved": "https://mirrors.cloud.tencent.com/npm/for-each/-/for-each-0.3.3.tgz",
            "integrity": "sha512-jqYfLp7mo9vIyQf8ykW2v7A+2N4QjeCeI5+Dz9XraiO1ign81wjiH7Fb9vSOWvQfNtmSa4H2RoQTrrXivdUZmw==",
            "dependencies": {
                "is-callable": "^1.1.3"
            }
        },
        "node_modules/function-bind": {
            "version": "1.1.1",
            "resolved": "https://mirrors.cloud.tencent.com/npm/function-bind/-/function-bind-1.1.1.tgz",
            "integrity": "sha512-yIovAzMX49sF8Yl58fSCWJ5svSLuaibPxXQJFLmBObTuCr0Mf1KiPopGM9NiFjiYBCbfaa2Fh6breQ6ANVTI0A=="
        },
        "node_modules/get-intrinsic": {
            "version": "1.2.1",
            "resolved": "https://mirrors.cloud.tencent.com/npm/get-intrinsic/-/get-intrinsic-1.2.1.tgz",
            "integrity": "sha512-2DcsyfABl+gVHEfCOaTrWgyt+tb6MSEGmKq+kI5HwLbIYgjgmMcV8KQ41uaKz1xxUcn9tJtgFbQUEVcEbd0FYw==",
            "dependencies": {
                "function-bind": "^1.1.1",
                "has": "^1.0.3",
                "has-proto": "^1.0.1",
                "has-symbols": "^1.0.3"
            },
            "funding": {
                "url": "https://github.com/sponsors/ljharb"
            }
        },
        "node_modules/gopd": {
            "version": "1.0.1",
            "resolved": "https://mirrors.cloud.tencent.com/npm/gopd/-/gopd-1.0.1.tgz",
            "integrity": "sha512-d65bNlIadxvpb/A2abVdlqKqV563juRnZ1Wtk6s1sIR8uNsXR70xqIzVqxVf1eTqDunwT2MkczEeaezCKTZhwA==",
            "dependencies": {
                "get-intrinsic": "^1.1.3"
            },
            "funding": {
                "url": "https://github.com/sponsors/ljharb"
            }
        },
        "node_modules/has": {
            "version": "1.0.3",
            "resolved": "https://mirrors.cloud.tencent.com/npm/has/-/has-1.0.3.tgz",
            "integrity": "sha512-f2dvO0VU6Oej7RkWJGrehjbzMAjFp5/VKPp5tTpWIV4JHHZK1/BxbFRtf/siA2SWTe09caDmVtYYzWEIbBS4zw==",
            "dependencies": {
                "function-bind": "^1.1.1"
            },
            "engines": {
                "node": ">= 0.4.0"
            }
        },
        "node_modules/has-proto": {
            "version": "1.0.1",
            "resolved": "https://mirrors.cloud.tencent.com/npm/has-proto/-/has-proto-1.0.1.tgz",
            "integrity": "sha512-7qE+iP+O+bgF9clE5+UoBFzE65mlBiVj3tKCrlNQ0Ogwm0BjpT/gK4SlLYDMybDh5I3TCTKnPPa0oMG7JDYrhg==",
            "engines": {
                "node": ">= 0.4"
            },
            "funding": {
                "url": "https://github.com/sponsors/ljharb"
            }
        },
        "node_modules/has-symbols": {
            "version": "1.0.3",
            "resolved": "https://mirrors.cloud.tencent.com/npm/has-symbols/-/has-symbols-1.0.3.tgz",
            "integrity": "sha512-l3LCuF6MgDNwTDKkdYGEihYjt5pRPbEg46rtlmnSPlUbgmB8LOIrKJbYYFBSbnPaJexMKtiPO8hmeRjRz2Td+A==",
            "engines": {
                "node": ">= 0.4"
            },
            "funding": {
                "url": "https://github.com/sponsors/ljharb"
            }
        },
        "node_modules/has-tostringtag": {
            "version": "1.0.0",
            "resolved": "https://mirrors.cloud.tencent.com/npm/has-tostringtag/-/has-tostringtag-1.0.0.tgz",
            "integrity": "sha512-kFjcSNhnlGV1kyoGk7OXKSawH5JOb/LzUc5w9B02hOTO0dfFRjbHQKvg1d6cf3HbeUmtU9VbbV3qzZ2Teh97WQ==",
            "dependencies": {
                "has-symbols": "^1.0.2"
            },
            "engines": {
                "node": ">= 0.4"
            },
            "funding": {
                "url": "https://github.com/sponsors/ljharb"
            }
        },
        "node_modules/inherits": {
            "version": "2.0.4",
            "resolved": "https://mirrors.cloud.tencent.com/npm/inherits/-/inherits-2.0.4.tgz",
            "integrity": "sha512-k/vGaX4/Yla3WzyMCvTQOXYeIHvqOKtnqBduzTHpzpQZzAskKMhZ2K+EnBiSM9zGSoIFeMpXKxa4dYeZIQqewQ=="
        },
        "node_modules/ipaddr.js": {
            "version": "2.1.0",
            "resolved": "https://mirrors.cloud.tencent.com/npm/ipaddr.js/-/ipaddr.js-2.1.0.tgz",
            "integrity": "sha512-LlbxQ7xKzfBusov6UMi4MFpEg0m+mAm9xyNGEduwXMEDuf4WfzB/RZwMVYEd7IKGvh4IUkEXYxtAVu9T3OelJQ==",
            "engines": {
                "node": ">= 10"
            }
        },
        "node_modules/is-arguments": {
            "version": "1.1.1",
            "resolved": "https://mirrors.cloud.tencent.com/npm/is-arguments/-/is-arguments-1.1.1.tgz",
            "integrity": "sha512-8Q7EARjzEnKpt/PCD7e1cgUS0a6X8u5tdSiMqXhojOdoV9TsMsiO+9VLC5vAmO8N7/GmXn7yjR8qnA6bVAEzfA==",
            "dependencies": {
                "call-bind": "^1.0.2",
                "has-tostringtag": "^1.0.0"
            },
            "engines": {
                "node": ">= 0.4"
            },
            "funding": {
                "url": "https://github.com/sponsors/ljharb"
            }
        },
        "node_modules/is-callable": {
            "version": "1.2.7",
            "resolved": "https://mirrors.cloud.tencent.com/npm/is-callable/-/is-callable-1.2.7.tgz",
            "integrity": "sha512-1BC0BVFhS/p0qtw6enp8e+8OD0UrK0oFLztSjNzhcKA3WDuJxxAPXzPuPtKkjEY9UUoEWlX/8fgKeu2S8i9JTA==",
            "engines": {
                "node": ">= 0.4"
            },
            "funding": {
                "url": "https://github.com/sponsors/ljharb"
            }
        },
        "node_modules/is-generator-function": {
            "version": "1.0.10",
            "resolved": "https://mirrors.cloud.tencent.com/npm/is-generator-function/-/is-generator-function-1.0.10.tgz",
            "integrity": "sha512-jsEjy9l3yiXEQ+PsXdmBwEPcOxaXWLspKdplFUVI9vq1iZgIekeC0L167qeu86czQaxed3q/Uzuw0swL0irL8A==",
            "dependencies": {
                "has-tostringtag": "^1.0.0"
            },
            "engines": {
                "node": ">= 0.4"
            },
            "funding": {
                "url": "https://github.com/sponsors/ljharb"
            }
        },
        "node_modules/is-plain-object": {
            "version": "5.0.0",
            "resolved": "https://registry.npmjs.org/is-plain-object/-/is-plain-object-5.0.0.tgz",
            "integrity": "sha512-VRSzKkbMm5jMDoKLbltAkFQ5Qr7VDiTFGXxYFXXowVj387GeGNOCsOH6Msy00SGZ3Fp84b1Naa1psqgcCIEP5Q==",
            "engines": {
                "node": ">=0.10.0"
            }
        },
        "node_modules/is-typed-array": {
            "version": "1.1.10",
            "resolved": "https://mirrors.cloud.tencent.com/npm/is-typed-array/-/is-typed-array-1.1.10.tgz",
            "integrity": "sha512-PJqgEHiWZvMpaFZ3uTc8kHPM4+4ADTlDniuQL7cU/UDA0Ql7F70yGfHph3cLNe+c9toaigv+DFzTJKhc2CtO6A==",
            "dependencies": {
                "available-typed-arrays": "^1.0.5",
                "call-bind": "^1.0.2",
                "for-each": "^0.3.3",
                "gopd": "^1.0.1",
                "has-tostringtag": "^1.0.0"
            },
            "engines": {
                "node": ">= 0.4"
            },
            "funding": {
                "url": "https://github.com/sponsors/ljharb"
            }
        },
        "node_modules/json-stream": {
            "version": "1.0.0",
            "resolved": "https://mirrors.cloud.tencent.com/npm/json-stream/-/json-stream-1.0.0.tgz",
            "integrity": "sha1-GjhU4o0rvuqzHMfd9oPS3cVlJwg="
        },
        "node_modules/lodash": {
            "version": "4.17.21",
            "resolved": "https://mirrors.cloud.tencent.com/npm/lodash/-/lodash-4.17.21.tgz",
            "integrity": "sha512-v2kDEe57lecTulaDIuNTPy3Ry4gLGJ6Z1O3vE1krgXZNrsQ+LFTGHVxVjcXPs17LhbZVGedAJv8XZ1tvj5FvSg=="
        },
        "node_modules/mime-db": {
            "version": "1.52.0",
            "resolved": "https://mirrors.cloud.tencent.com/npm/mime-db/-/mime-db-1.52.0.tgz",
            "integrity": "sha512-sPU4uV7dYlvtWJxwwxHD0PuihVNiE7TyAbQ5SWxDCB9mUYvOgroQOwYQQOKPJ8CIbE+1ETVlOoK1UC2nU3gYvg==",
            "engines": {
                "node": ">= 0.6"
            }
        },
        "node_modules/mime-types": {
            "version": "2.1.35",
            "resolved": "https://mirrors.cloud.tencent.com/npm/mime-types/-/mime-types-2.1.35.tgz",
            "integrity": "sha512-ZDY+bPm5zTTF+YpCrAU9nK0UgICYPT0QtT1NZWFv4s++TNkcgVaT0g6+4R2uI4MjQjzysHB1zxuWL50hzaeXiw==",
            "dependencies": {
                "mime-db": "1.52.0"
            },
            "engines": {
                "node": ">= 0.6"
            }
        },
        "node_modules/minio": {
            "version": "7.1.2",
            "resolved": "https://registry.npmjs.org/minio/-/minio-7.1.2.tgz",
            "integrity": "sha512-EPJOADEhpmubSzPY8F1cQCw0pbnHmi5tXSaaTql237SHTd/uUj3yD37HG8mJ5kX9+JfSriJJOZymKTeHk5ja5A==",
            "dependencies": {
                "async": "^3.2.4",
                "block-stream2": "^2.1.0",
                "browser-or-node": "^2.1.1",
                "buffer-crc32": "^0.2.13",
                "fast-xml-parser": "^4.2.2",
                "ipaddr.js": "^2.0.1",
                "json-stream": "^1.0.0",
                "lodash": "^4.17.21",
                "mime-types": "^2.1.35",
                "query-string": "^7.1.3",
                "through2": "^4.0.2",
                "web-encoding": "^1.1.5",
                "xml": "^1.0.1",
                "xml2js": "^0.5.0"
            },
            "engines": {
                "node": "^16 || ^18 || >=20"
            }
        },
        "node_modules/ms": {
            "version": "2.1.2",
            "resolved": "https://mirrors.cloud.tencent.com/npm/ms/-/ms-2.1.2.tgz",
            "integrity": "sha512-sGkPx+VjMtmA6MX27oA4FBFELFCZZ4S4XqeGOXCv68tT+jb3vk/RyaKWP0PTKyWtmLSM0b+adUTEvbs1PEaH2w=="
        },
        "node_modules/once": {
            "version": "1.4.0",
            "resolved": "https://mirrors.cloud.tencent.com/npm/once/-/once-1.4.0.tgz",
            "integrity": "sha1-WDsap3WWHUsROsF9nFC6753Xa9E=",
            "dependencies": {
                "wrappy": "1"
            }
        },
        "node_modules/query-string": {
            "version": "7.1.3",
            "resolved": "https://mirrors.cloud.tencent.com/npm/query-string/-/query-string-7.1.3.tgz",
            "integrity": "sha512-hh2WYhq4fi8+b+/2Kg9CEge4fDPvHS534aOOvOZeQ3+Vf2mCFsaFBYj0i+iXcAq6I9Vzp5fjMFBlONvayDC1qg==",
            "dependencies": {
                "decode-uri-component": "^0.2.2",
                "filter-obj": "^1.1.0",
                "split-on-first": "^1.0.0",
                "strict-uri-encode": "^2.0.0"
            },
            "engines": {
                "node": ">=6"
            },
            "funding": {
                "url": "https://github.com/sponsors/sindresorhus"
            }
        },
        "node_modules/readable-stream": {
            "version": "3.6.2",
            "resolved": "https://mirrors.cloud.tencent.com/npm/readable-stream/-/readable-stream-3.6.2.tgz",
            "integrity": "sha512-9u/sniCrY3D5WdsERHzHE4G2YCXqoG5FTHUiCC4SIbr6XcLZBY05ya9EKjYek9O5xOAwjGq+1JdGBAS7Q9ScoA==",
            "dependencies": {
                "inherits": "^2.0.3",
                "string_decoder": "^1.1.1",
                "util-deprecate": "^1.0.1"
            },
            "engines": {
                "node": ">= 6"
            }
        },
        "node_modules/safe-buffer": {
            "version": "5.2.1",
            "resolved": "https://mirrors.cloud.tencent.com/npm/safe-buffer/-/safe-buffer-5.2.1.tgz",
            "integrity": "sha512-rp3So07KcdmmKbGvgaNxQSJr7bGVSVk5S9Eq1F+ppbRo70+YeaDxkw5Dd8NPN+GD6bjnYm2VuPuCXmpuYvmCXQ==",
            "funding": [
                {
                    "type": "github",
                    "url": "https://github.com/sponsors/feross"
                },
                {
                    "type": "patreon",
                    "url": "https://www.patreon.com/feross"
                },
                {
                    "type": "consulting",
                    "url": "https://feross.org/support"
                }
            ]
        },
        "node_modules/sax": {
            "version": "1.2.4",
            "resolved": "https://mirrors.cloud.tencent.com/npm/sax/-/sax-1.2.4.tgz",
            "integrity": "sha512-NqVDv9TpANUjFm0N8uM5GxL36UgKi9/atZw+x7YFnQ8ckwFGKrl4xX4yWtrey3UJm5nP1kUbnYgLopqWNSRhWw=="
        },
        "node_modules/simple-git": {
            "version": "3.19.1",
            "resolved": "https://mirrors.cloud.tencent.com/npm/simple-git/-/simple-git-3.19.1.tgz",
            "integrity": "sha512-Ck+rcjVaE1HotraRAS8u/+xgTvToTuoMkT9/l9lvuP5jftwnYUp6DwuJzsKErHgfyRk8IB8pqGHWEbM3tLgV1w==",
            "dependencies": {
                "@kwsites/file-exists": "^1.1.1",
                "@kwsites/promise-deferred": "^1.1.1",
                "debug": "^4.3.4"
            },
            "funding": {
                "type": "github",
                "url": "https://github.com/steveukx/git-js?sponsor=1"
            }
        },
        "node_modules/split-on-first": {
            "version": "1.1.0",
            "resolved": "https://mirrors.cloud.tencent.com/npm/split-on-first/-/split-on-first-1.1.0.tgz",
            "integrity": "sha512-43ZssAJaMusuKWL8sKUBQXHWOpq8d6CfN/u1p4gUzfJkM05C8rxTmYrkIPTXapZpORA6LkkzcUulJ8FqA7Uudw==",
            "engines": {
                "node": ">=6"
            }
        },
        "node_modules/strict-uri-encode": {
            "version": "2.0.0",
            "resolved": "https://mirrors.cloud.tencent.com/npm/strict-uri-encode/-/strict-uri-encode-2.0.0.tgz",
            "integrity": "sha1-ucczDHBChi9rFC3CdLvMWGbONUY=",
            "engines": {
                "node": ">=4"
            }
        },
        "node_modules/string_decoder": {
            "version": "1.3.0",
            "resolved": "https://mirrors.cloud.tencent.com/npm/string_decoder/-/string_decoder-1.3.0.tgz",
            "integrity": "sha512-hkRX8U1WjJFd8LsDJ2yQ/wWWxaopEsABU1XfkM8A+j0+85JAGppt16cr1Whg6KIbb4okU6Mql6BOj+uup/wKeA==",
            "dependencies": {
                "safe-buffer": "~5.2.0"
            }
        },
        "node_modules/strnum": {
            "version": "1.0.5",
            "resolved": "https://mirrors.cloud.tencent.com/npm/strnum/-/strnum-1.0.5.tgz",
            "integrity": "sha512-J8bbNyKKXl5qYcR36TIO8W3mVGVHrmmxsd5PAItGkmyzwJvybiw2IVq5nqd0i4LSNSkB/sx9VHllbfFdr9k1JA=="
        },
        "node_modules/through2": {
            "version": "4.0.2",
            "resolved": "https://mirrors.cloud.tencent.com/npm/through2/-/through2-4.0.2.tgz",
            "integrity": "sha512-iOqSav00cVxEEICeD7TjLB1sueEL+81Wpzp2bY17uZjZN0pWZPuo4suZ/61VujxmqSGFfgOcNuTZ85QJwNZQpw==",
            "dependencies": {
                "readable-stream": "3"
            }
        },
        "node_modules/universal-user-agent": {
            "version": "6.0.0",
            "resolved": "https://registry.npmjs.org/universal-user-agent/-/universal-user-agent-6.0.0.tgz",
            "integrity": "sha512-isyNax3wXoKaulPDZWHQqbmIx1k2tb9fb3GGDBRxCscfYV2Ch7WxPArBsFEG8s/safwXTT7H4QGhaIkTp9447w=="
        },
        "node_modules/util": {
            "version": "0.12.5",
            "resolved": "https://mirrors.cloud.tencent.com/npm/util/-/util-0.12.5.tgz",
            "integrity": "sha512-kZf/K6hEIrWHI6XqOFUiiMa+79wE/D8Q+NCNAWclkyg3b4d2k7s0QGepNjiABc+aR3N1PAyHL7p6UcLY6LmrnA==",
            "dependencies": {
                "inherits": "^2.0.3",
                "is-arguments": "^1.0.4",
                "is-generator-function": "^1.0.7",
                "is-typed-array": "^1.1.3",
                "which-typed-array": "^1.1.2"
            }
        },
        "node_modules/util-deprecate": {
            "version": "1.0.2",
            "resolved": "https://mirrors.cloud.tencent.com/npm/util-deprecate/-/util-deprecate-1.0.2.tgz",
            "integrity": "sha1-RQ1Nyfpw3nMnYvvS1KKJgUGaDM8="
        },
        "node_modules/web-encoding": {
            "version": "1.1.5",
            "resolved": "https://mirrors.cloud.tencent.com/npm/web-encoding/-/web-encoding-1.1.5.tgz",
            "integrity": "sha512-HYLeVCdJ0+lBYV2FvNZmv3HJ2Nt0QYXqZojk3d9FJOLkwnuhzM9tmamh8d7HPM8QqjKH8DeHkFTx+CFlWpZZDA==",
            "dependencies": {
                "util": "^0.12.3"
            },
            "optionalDependencies": {
                "@zxing/text-encoding": "0.9.0"
            }
        },
        "node_modules/which-typed-array": {
            "version": "1.1.9",
            "resolved": "https://mirrors.cloud.tencent.com/npm/which-typed-array/-/which-typed-array-1.1.9.tgz",
            "integrity": "sha512-w9c4xkx6mPidwp7180ckYWfMmvxpjlZuIudNtDf4N/tTAUB8VJbX25qZoAsrtGuYNnGw3pa0AXgbGKRB8/EceA==",
            "dependencies": {
                "available-typed-arrays": "^1.0.5",
                "call-bind": "^1.0.2",
                "for-each": "^0.3.3",
                "gopd": "^1.0.1",
                "has-tostringtag": "^1.0.0",
                "is-typed-array": "^1.1.10"
            },
            "engines": {
                "node": ">= 0.4"
            },
            "funding": {
                "url": "https://github.com/sponsors/ljharb"
            }
        },
        "node_modules/wrappy": {
            "version": "1.0.2",
            "resolved": "https://mirrors.cloud.tencent.com/npm/wrappy/-/wrappy-1.0.2.tgz",
            "integrity": "sha1-tSQ9jz7BqjXxNkYFvA0QNuMKtp8="
        },
        "node_modules/xml": {
            "version": "1.0.1",
            "resolved": "https://mirrors.cloud.tencent.com/npm/xml/-/xml-1.0.1.tgz",
            "integrity": "sha1-eLpyAgApxbyHuKgaPPzXS0ovweU="
        },
        "node_modules/xml2js": {
            "version": "0.5.0",
            "resolved": "https://mirrors.cloud.tencent.com/npm/xml2js/-/xml2js-0.5.0.tgz",
            "integrity": "sha512-drPFnkQJik/O+uPKpqSgr22mpuFHqKdbS835iAQrUC73L2F5WkboIRd63ai/2Yg6I1jzifPFKH2NTK+cfglkIA==",
            "dependencies": {
                "sax": ">=0.6.0",
                "xmlbuilder": "~11.0.0"
            },
            "engines": {
                "node": ">=4.0.0"
            }
        },
        "node_modules/xmlbuilder": {
            "version": "11.0.1",
            "resolved": "https://mirrors.cloud.tencent.com/npm/xmlbuilder/-/xmlbuilder-11.0.1.tgz",
            "integrity": "sha512-fDlsI/kFEx7gLvbecc0/ohLG50fugQp8ryHzMTuW9vSa1GJ0XYWKnhsUx7oie3G98+r56aTQIUB4kht42R3JvA==",
            "engines": {
                "node": ">=4.0"
            }
        }
    }
}
